# THIS IS AN AUTOGENERATED FILE. DO NOT EDIT THIS FILE DIRECTLY.
# yarn lockfile v1


p5@^1.6.0:
  version "1.6.0"
  resolved "https://registry.yarnpkg.com/p5/-/p5-1.6.0.tgz#eaf4e69e377d6a5e91041ca485743b0fc53d9dfb"
  integrity sha512-RowF+RxfVUhJm/YKXL5TCFzTqnwAIwK6W1VGs9LAqSf3PCmLz9Igbxzlf0Ry5IMV71L42wipCdH/bDiNsqAstA==
